{
  "name": "alias-ai-lockfile",
  "lockfileVersion": 3,
  "requires": true,
  "packages": {
    "": {
      "dependencies": {
        "ai-client": "npm:openai",
        "scoped-client": "npm:@openai/core"
      }
    },
    "node_modules/ai-client": {
      "name": "openai",
      "version": "4.0.0"
    },
    "node_modules/scoped-client": {
      "name": "@openai/core",
      "version": "4.0.0"
    }
  }
}
